
Microsoft Visual Studio Solution File, Format Version 11.00
# Visual Studio 2010
Project("{FAE04EC0-301F-11D3-BF4B-00C04F79EFBC}") = "Virtuloja", "Assembly-CSharp.csproj", "{D0BCFA37-E4F2-5B7B-3BBD-EE45E4163782}"
EndProject
Project("{FAE04EC0-301F-11D3-BF4B-00C04F79EFBC}") = "Virtuloja", "Assembly-CSharp-Editor.csproj", "{B039ED59-4A83-C761-59B2-7EC536150D9A}"
EndProject
Global
	GlobalSection(SolutionConfigurationPlatforms) = preSolution
		Debug|Any CPU = Debug|Any CPU
		Release|Any CPU = Release|Any CPU
	EndGlobalSection
	GlobalSection(ProjectConfigurationPlatforms) = postSolution
		{D0BCFA37-E4F2-5B7B-3BBD-EE45E4163782}.Debug|Any CPU.ActiveCfg = Debug|Any CPU
		{D0BCFA37-E4F2-5B7B-3BBD-EE45E4163782}.Debug|Any CPU.Build.0 = Debug|Any CPU
		{D0BCFA37-E4F2-5B7B-3BBD-EE45E4163782}.Release|Any CPU.ActiveCfg = Release|Any CPU
		{D0BCFA37-E4F2-5B7B-3BBD-EE45E4163782}.Release|Any CPU.Build.0 = Release|Any CPU
		{B039ED59-4A83-C761-59B2-7EC536150D9A}.Debug|Any CPU.ActiveCfg = Debug|Any CPU
		{B039ED59-4A83-C761-59B2-7EC536150D9A}.Debug|Any CPU.Build.0 = Debug|Any CPU
		{B039ED59-4A83-C761-59B2-7EC536150D9A}.Release|Any CPU.ActiveCfg = Release|Any CPU
		{B039ED59-4A83-C761-59B2-7EC536150D9A}.Release|Any CPU.Build.0 = Release|Any CPU
	EndGlobalSection
	GlobalSection(SolutionProperties) = preSolution
		HideSolutionNode = FALSE
	EndGlobalSection
	GlobalSection(MonoDevelopProperties) = preSolution
		StartupItem = Assembly-CSharp.csproj
	EndGlobalSection
EndGlobal
